// !$*UTF8*$!
{
	archiveVersion = 1;
	classes = {
	};
	objectVersion = 46;
	objects = {

/* Begin PBXBuildFile section */
		ADFFA54B1CD7D3EE0025460D /* AppDelegate.swift in Sources */ = {isa = PBXBuildFile; fileRef = ADFFA54A1CD7D3EE0025460D /* AppDelegate.swift */; };
		ADFFA54D1CD7D3EE0025460D /* ViewController.swift in Sources */ = {isa = PBXBuildFile; fileRef = ADFFA54C1CD7D3EE0025460D /* ViewController.swift */; };
		ADFFA5501CD7D3EE0025460D /* Main.storyboard in Resources */ = {isa = PBXBuildFile; fileRef = ADFFA54E1CD7D3EE0025460D /* Main.storyboard */; };
		ADFFA5521CD7D3EE0025460D /* Assets.xcassets in Resources */ = {isa = PBXBuildFile; fileRef = ADFFA5511CD7D3EE0025460D /* Assets.xcassets */; };
		ADFFA5551CD7D3EE0025460D /* LaunchScreen.storyboard in Resources */ = {isa = PBXBuildFile; fileRef = ADFFA5531CD7D3EE0025460D /* LaunchScreen.storyboard */; };
/* End PBXBuildFile section */

/* Begin PBXFileReference section */
		ADFFA5471CD7D3EE0025460D /* holaMundo.app */ = {isa = PBXFileReference; explicitFileType = wrapper.application; includeInIndex = 0; path = holaMundo.app; sourceTree = BUILT_PRODUCTS_DIR; };
		ADFFA54A1CD7D3EE0025460D /* AppDelegate.swift */ = {isa = PBXFileReference; lastKnownFileType = sourcecode.swift; path = AppDelegate.swift; sourceTree = "<group>"; };
		ADFFA54C1CD7D3EE0025460D /* ViewController.swift */ = {isa = PBXFileReference; lastKnownFileType = sourcecode.swift; path = ViewController.swift; sourceTree = "<group>"; };
		ADFFA54F1CD7D3EE0025460D /* Base */ = {isa = PBXFileReference; lastKnownFileType = file.storyboard; name = Base; path = Base.lproj/Main.storyboard; sourceTree = "<group>"; };
		ADFFA5511CD7D3EE0025460D /* Assets.xcassets */ = {isa = PBXFileReference; lastKnownFileType = folder.assetcatalog; path = Assets.xcassets; sourceTree = "<group>"; };
		ADFFA5541CD7D3EE0025460D /* Base */ = {isa = PBXFileReference; lastKnownFileType = file.storyboard; name = Base; path = Base.lproj/LaunchScreen.storyboard; sourceTree = "<group>"; };
		ADFFA5561CD7D3EE0025460D /* Info.plist */ = {isa = PBXFileReference; lastKnownFileType = text.plist.xml; path = Info.plist; sourceTree = "<group>"; };
/* End PBXFileReference section */

/* Begin PBXFrameworksBuildPhase section */
		ADFFA5441CD7D3EE0025460D /* Frameworks */ = {
			isa = PBXFrameworksBuildPhase;
			buildActionMask = 2147483647;
			files = (
			);
			runOnlyForDeploymentPostprocessing = 0;
		};
/* End PBXFrameworksBuildPhase section */

/* Begin PBXGroup section */
		ADFFA53E1CD7D3EE0025460D = {
			isa = PBXGroup;
			children = (
				ADFFA5491CD7D3EE0025460D /* holaMundo */,
				ADFFA5481CD7D3EE0025460D /* Products */,
			);
			sourceTree = "<group>";
		};
		ADFFA5481CD7D3EE0025460D /* Products */ = {
			isa = PBXGroup;
			children = (
				ADFFA5471CD7D3EE0025460D /* holaMundo.app */,
			);
			name = Products;
			sourceTree = "<group>";
		};
		ADFFA5491CD7D3EE0025460D /* holaMundo */ = {
			isa = PBXGroup;
			children = (
				ADFFA54A1CD7D3EE0025460D /* AppDelegate.swift */,
				ADFFA54C1CD7D3EE0025460D /* ViewController.swift */,
				ADFFA54E1CD7D3EE0025460D /* Main.storyboard */,
				ADFFA5511CD7D3EE0025460D /* Assets.xcassets */,
				ADFFA5531CD7D3EE0025460D /* LaunchScreen.storyboard */,
				ADFFA5561CD7D3EE0025460D /* Info.plist */,
			);
			path = holaMundo;
			sourceTree = "<group>";
		};
/* End PBXGroup section */

/* Begin PBXNativeTarget section */
		ADFFA5461CD7D3EE0025460D /* holaMundo */ = {
			isa = PBXNativeTarget;
			buildConfigurationList = ADFFA5591CD7D3EE0025460D /* Build configuration list for PBXNativeTarget "holaMundo" */;
			buildPhases = (
				ADFFA5431CD7D3EE0025460D /* Sources */,
				ADFFA5441CD7D3EE0025460D /* Frameworks */,
				ADFFA5451CD7D3EE0025460D /* Resources */,
			);
			buildRules = (
			);
			dependencies = (
			);
			name = holaMundo;
			productName = holaMundo;
			productReference = ADFFA5471CD7D3EE0025460D /* holaMundo.app */;
			productType = "com.apple.product-type.application";
		};
/* End PBXNativeTarget section */

/* Begin PBXProject section */
		ADFFA53F1CD7D3EE0025460D /* Project object */ = {
			isa = PBXProject;
			attributes = {
				LastSwiftUpdateCheck = 0730;
				LastUpgradeCheck = 0730;
				ORGANIZATIONNAME = "Cristobal Dominguez";
				TargetAttributes = {
					ADFFA5461CD7D3EE0025460D = {
						CreatedOnToolsVersion = 7.3;
					};
				};
			};
			buildConfigurationList = ADFFA5421CD7D3EE0025460D /* Build configuration list for PBXProject "holaMundo" */;
			compatibilityVersion = "Xcode 3.2";
			developmentRegion = English;
			hasScannedForEncodings = 0;
			knownRegions = (
				en,
				Base,
			);
			mainGroup = ADFFA53E1CD7D3EE0025460D;
			productRefGroup = ADFFA5481CD7D3EE0025460D /* Products */;
			projectDirPath = "";
			projectRoot = "";
			targets = (
				ADFFA5461CD7D3EE0025460D /* holaMundo */,
			);
		};
/* End PBXProject section */

/* Begin PBXResourcesBuildPhase section */
		ADFFA5451CD7D3EE0025460D /* Resources */ = {
			isa = PBXResourcesBuildPhase;
			buildActionMask = 2147483647;
			files = (
				ADFFA5551CD7D3EE0025460D /* LaunchScreen.storyboard in Resources */,
				ADFFA5521CD7D3EE0025460D /* Assets.xcassets in Resources */,
				ADFFA5501CD7D3EE0025460D /* Main.storyboard in Resources */,
			);
			runOnlyForDeploymentPostprocessing = 0;
		};
/* End PBXResourcesBuildPhase section */

/* Begin PBXSourcesBuildPhase section */
		ADFFA5431CD7D3EE0025460D /* Sources */ = {
			isa = PBXSourcesBuildPhase;
			buildActionMask = 2147483647;
			files = (
				ADFFA54D1CD7D3EE0025460D /* ViewController.swift in Sources */,
				ADFFA54B1CD7D3EE0025460D /* AppDelegate.swift in Sources */,
			);
			runOnlyForDeploymentPostprocessing = 0;
		};
/* End PBXSourcesBuildPhase section */

/* Begin PBXVariantGroup section */
		ADFFA54E1CD7D3EE0025460D /* Main.storyboard */ = {
			isa = PBXVariantGroup;
			children = (
				ADFFA54F1CD7D3EE0025460D /* Base */,
			);
			name = Main.storyboard;
			sourceTree = "<group>";
		};
		ADFFA5531CD7D3EE0025460D /* LaunchScreen.storyboard */ = {
			isa = PBXVariantGroup;
			children = (
				ADFFA5541CD7D3EE0025460D /* Base */,
			);
			name = LaunchScreen.storyboard;
			sourceTree = "<group>";
		};
/* End PBXVariantGroup section */

/* Begin XCBuildConfiguration section */
		ADFFA5571CD7D3EE0025460D /* Debug */ = {
			isa = XCBuildConfiguration;
			buildSettings = {
				ALWAYS_SEARCH_USER_PATHS = NO;
				CLANG_ANALYZER_NONNULL = YES;
				CLANG_CXX_LANGUAGE_STANDARD = "gnu++0x";
				CLANG_CXX_LIBRARY = "libc++";
				CLANG_ENABLE_MODULES = YES;
				CLANG_ENABLE_OBJC_ARC = YES;
				CLANG_WARN_BOOL_CONVERSION = YES;
				CLANG_WARN_CONSTANT_CONVERSION = YES;
				CLANG_WARN_DIRECT_OBJC_ISA_USAGE = YES_ERROR;
				CLANG_WARN_EMPTY_BODY = YES;
				CLANG_WARN_ENUM_CONVERSION = YES;
				CLANG_WARN_INT_CONVERSION = YES;
				CLANG_WARN_OBJC_ROOT_CLASS = YES_ERROR;
				CLANG_WARN_UNREACHABLE_CODE = YES;
				CLANG_WARN__DUPLICATE_METHOD_MATCH = YES;
				"CODE_SIGN_IDENTITY[sdk=iphoneos*]" = "iPhone Developer";
				COPY_PHASE_STRIP = NO;
				DEBUG_INFORMATION_FORMAT = dwarf;
				ENABLE_STRICT_OBJC_MSGSEND = YES;
				ENABLE_TESTABILITY = YES;
				GCC_C_LANGUAGE_STANDARD = gnu99;
				GCC_DYNAMIC_NO_PIC = NO;
				GCC_NO_COMMON_BLOCKS = YES;
				GCC_OPTIMIZATION_LEVEL = 0;
				GCC_PREPROCESSOR_DEFINITIONS = (
					"DEBUG=1",
					"$(inherited)",
				);
				GCC_WARN_64_TO_32_BIT_CONVERSION = YES;
				GCC_WARN_ABOUT_RETURN_TYPE = YES_ERROR;
				GCC_WARN_UNDECLARED_SELECTOR = YES;
				GCC_WARN_UNINITIALIZED_AUTOS = YES_AGGRESSIVE;
				GCC_WARN_UNUSED_FUNCTION = YES;
				GCC_WARN_UNUSED_VARIABLE = YES;
				IPHONEOS_DEPLOYMENT_TARGET = 9.3;
				MTL_ENABLE_DEBUG_INFO = YES;
				ONLY_ACTIVE_ARCH = YES;
				SDKROOT = iphoneos;
				SWIFT_OPTIMIZATION_LEVEL = "-Onone";
			};
			name = Debug;
		};
		ADFFA5581CD7D3EE0025460D /* Release */ = {
			isa = XCBuildConfiguration;
			buildSettings = {
				ALWAYS_SEARCH_USER_PATHS = NO;
				CLANG_ANALYZER_NONNULL = YES;
				CLANG_CXX_LANGUAGE_STANDARD = "gnu++0x";
				CLANG_CXX_LIBRARY = "libc++";
				CLANG_ENABLE_MODULES = YES;
				CLANG_ENABLE_OBJC_ARC = YES;
				CLANG_WARN_BOOL_CONVERSION = YES;
				CLANG_WARN_CONSTANT_CONVERSION = YES;
				CLANG_WARN_DIRECT_OBJC_ISA_USAGE = YES_ERROR;
				CLANG_WARN_EMPTY_BODY = YES;
				CLANG_WARN_ENUM_CONVERSION = YES;
				CLANG_WARN_INT_CONVERSION = YES;
				CLANG_WARN_OBJC_ROOT_CLASS = YES_ERROR;
				CLANG_WARN_UNREACHABLE_CODE = YES;
				CLANG_WARN__DUPLICATE_METHOD_MATCH = YES;
				"CODE_SIGN_IDENTITY[sdk=iphoneos*]" = "iPhone Developer";
				COPY_PHASE_STRIP = NO;
				DEBUG_INFORMATION_FORMAT = "dwarf-with-dsym";
				ENABLE_NS_ASSERTIONS = NO;
				ENABLE_STRICT_OBJC_MSGSEND = YES;
				GCC_C_LANGUAGE_STANDARD = gnu99;
				GCC_NO_COMMON_BLOCKS = YES;
				GCC_WARN_64_TO_32_BIT_CONVERSION = YES;
				GCC_WARN_ABOUT_RETURN_TYPE = YES_ERROR;
				GCC_WARN_UNDECLARED_SELECTOR = YES;
				GCC_WARN_UNINITIALIZED_AUTOS = YES_AGGRESSIVE;
				GCC_WARN_UNUSED_FUNCTION = YES;
				GCC_WARN_UNUSED_VARIABLE = YES;
				IPHONEOS_DEPLOYMENT_TARGET = 9.3;
				MTL_ENABLE_DEBUG_INFO = NO;
				SDKROOT = iphoneos;
				VALIDATE_PRODUCT = YES;
			};
			name = Release;
		};
		ADFFA55A1CD7D3EE0025460D /* Debug */ = {
			isa = XCBuildConfiguration;
			buildSettings = {
				ASSETCATALOG_COMPILER_APPICON_NAME = AppIcon;
				INFOPLIST_FILE = holaMundo/Info.plist;
				LD_RUNPATH_SEARCH_PATHS = "$(inherited) @executable_path/Frameworks";
				PRODUCT_BUNDLE_IDENTIFIER = com.cdominguez.holaMundo;
				PRODUCT_NAME = "$(TARGET_NAME)";
			};
			name = Debug;
		};
		ADFFA55B1CD7D3EE0025460D /* Release */ = {
			isa = XCBuildConfiguration;
			buildSettings = {
				ASSETCATALOG_COMPILER_APPICON_NAME = AppIcon;
				INFOPLIST_FILE = holaMundo/Info.plist;
				LD_RUNPATH_SEARCH_PATHS = "$(inherited) @executable_path/Frameworks";
				PRODUCT_BUNDLE_IDENTIFIER = com.cdominguez.holaMundo;
				PRODUCT_NAME = "$(TARGET_NAME)";
			};
			name = Release;
		};
/* End XCBuildConfiguration section */

/* Begin XCConfigurationList section */
		ADFFA5421CD7D3EE0025460D /* Build configuration list for PBXProject "holaMundo" */ = {
			isa = XCConfigurationList;
			buildConfigurations = (
				ADFFA5571CD7D3EE0025460D /* Debug */,
				ADFFA5581CD7D3EE0025460D /* Release */,
			);
			defaultConfigurationIsVisible = 0;
			defaultConfigurationName = Release;
		};
		ADFFA5591CD7D3EE0025460D /* Build configuration list for PBXNativeTarget "holaMundo" */ = {
			isa = XCConfigurationList;
			buildConfigurations = (
				ADFFA55A1CD7D3EE0025460D /* Debug */,
				ADFFA55B1CD7D3EE0025460D /* Release */,
			);
			defaultConfigurationIsVisible = 0;
		};
/* End XCConfigurationList section */
	};
	rootObject = ADFFA53F1CD7D3EE0025460D /* Project object */;
}
